// !$*UTF8*$!
{
	archiveVersion = 1;
	classes = {
	};
	objectVersion = 55;
	objects = {

/* Begin PBXBuildFile section */
		2930A45B27EB71D3005C5661 /* ExpandableTableViewCell.swift in Sources */ = {isa = PBXBuildFile; fileRef = 2930A45A27EB71D3005C5661 /* ExpandableTableViewCell.swift */; };
		2930A45D27EB78ED005C5661 /* CategoryDetailVC.swift in Sources */ = {isa = PBXBuildFile; fileRef = 2930A45C27EB78ED005C5661 /* CategoryDetailVC.swift */; };
		2930A45F27EB7A66005C5661 /* AppConstants.swift in Sources */ = {isa = PBXBuildFile; fileRef = 2930A45E27EB7A66005C5661 /* AppConstants.swift */; };
		2930A46127EB7D5D005C5661 /* RoundedButton.swift in Sources */ = {isa = PBXBuildFile; fileRef = 2930A46027EB7D5D005C5661 /* RoundedButton.swift */; };
		2930A46327EB8209005C5661 /* AddCategoryVC.swift in Sources */ = {isa = PBXBuildFile; fileRef = 2930A46227EB8209005C5661 /* AddCategoryVC.swift */; };
		294CF20F27ECB66500062EBC /* ImagePicker.swift in Sources */ = {isa = PBXBuildFile; fileRef = 294CF20E27ECB66500062EBC /* ImagePicker.swift */; };
		294CF21127ED5DB500062EBC /* ChildCategoryTableCell.swift in Sources */ = {isa = PBXBuildFile; fileRef = 294CF21027ED5DB500062EBC /* ChildCategoryTableCell.swift */; };
		294CF21327ED608300062EBC /* ChildCategoryTableViewCell.swift in Sources */ = {isa = PBXBuildFile; fileRef = 294CF21227ED608300062EBC /* ChildCategoryTableViewCell.swift */; };
		294CF21527ED8D0A00062EBC /* CustomTableView.swift in Sources */ = {isa = PBXBuildFile; fileRef = 294CF21427ED8D0A00062EBC /* CustomTableView.swift */; };
		294CF21727EDBBA300062EBC /* TestCategoryData.json in Resources */ = {isa = PBXBuildFile; fileRef = 294CF21627EDBBA300062EBC /* TestCategoryData.json */; };
		2966FDE427EB255B00AEA5C8 /* AppDelegate.swift in Sources */ = {isa = PBXBuildFile; fileRef = 2966FDE327EB255B00AEA5C8 /* AppDelegate.swift */; };
		2966FDE627EB255B00AEA5C8 /* SceneDelegate.swift in Sources */ = {isa = PBXBuildFile; fileRef = 2966FDE527EB255B00AEA5C8 /* SceneDelegate.swift */; };
		2966FDE827EB255B00AEA5C8 /* ViewController.swift in Sources */ = {isa = PBXBuildFile; fileRef = 2966FDE727EB255B00AEA5C8 /* ViewController.swift */; };
		2966FDEB27EB255B00AEA5C8 /* Main.storyboard in Resources */ = {isa = PBXBuildFile; fileRef = 2966FDE927EB255B00AEA5C8 /* Main.storyboard */; };
		2966FDED27EB255E00AEA5C8 /* Assets.xcassets in Resources */ = {isa = PBXBuildFile; fileRef = 2966FDEC27EB255E00AEA5C8 /* Assets.xcassets */; };
		2966FDF027EB255E00AEA5C8 /* LaunchScreen.storyboard in Resources */ = {isa = PBXBuildFile; fileRef = 2966FDEE27EB255E00AEA5C8 /* LaunchScreen.storyboard */; };
		2966FDF827EB25F000AEA5C8 /* CategoryVC.swift in Sources */ = {isa = PBXBuildFile; fileRef = 2966FDF727EB25F000AEA5C8 /* CategoryVC.swift */; };
		2966FDFA27EB2C7C00AEA5C8 /* Category.swift in Sources */ = {isa = PBXBuildFile; fileRef = 2966FDF927EB2C7C00AEA5C8 /* Category.swift */; };
		30992C61BE8305BA2435305C /* Pods_CategoryApp.framework in Frameworks */ = {isa = PBXBuildFile; fileRef = A5649187D7EBE90EA57E8861 /* Pods_CategoryApp.framework */; };
/* End PBXBuildFile section */

/* Begin PBXFileReference section */
		2930A45A27EB71D3005C5661 /* ExpandableTableViewCell.swift */ = {isa = PBXFileReference; lastKnownFileType = sourcecode.swift; path = ExpandableTableViewCell.swift; sourceTree = "<group>"; };
		2930A45C27EB78ED005C5661 /* CategoryDetailVC.swift */ = {isa = PBXFileReference; lastKnownFileType = sourcecode.swift; path = CategoryDetailVC.swift; sourceTree = "<group>"; };
		2930A45E27EB7A66005C5661 /* AppConstants.swift */ = {isa = PBXFileReference; lastKnownFileType = sourcecode.swift; path = AppConstants.swift; sourceTree = "<group>"; };
		2930A46027EB7D5D005C5661 /* RoundedButton.swift */ = {isa = PBXFileReference; lastKnownFileType = sourcecode.swift; path = RoundedButton.swift; sourceTree = "<group>"; };
		2930A46227EB8209005C5661 /* AddCategoryVC.swift */ = {isa = PBXFileReference; lastKnownFileType = sourcecode.swift; path = AddCategoryVC.swift; sourceTree = "<group>"; };
		294CF20E27ECB66500062EBC /* ImagePicker.swift */ = {isa = PBXFileReference; lastKnownFileType = sourcecode.swift; path = ImagePicker.swift; sourceTree = "<group>"; };
		294CF21027ED5DB500062EBC /* ChildCategoryTableCell.swift */ = {isa = PBXFileReference; lastKnownFileType = sourcecode.swift; path = ChildCategoryTableCell.swift; sourceTree = "<group>"; };
		294CF21227ED608300062EBC /* ChildCategoryTableViewCell.swift */ = {isa = PBXFileReference; lastKnownFileType = sourcecode.swift; path = ChildCategoryTableViewCell.swift; sourceTree = "<group>"; };
		294CF21427ED8D0A00062EBC /* CustomTableView.swift */ = {isa = PBXFileReference; lastKnownFileType = sourcecode.swift; path = CustomTableView.swift; sourceTree = "<group>"; };
		294CF21627EDBBA300062EBC /* TestCategoryData.json */ = {isa = PBXFileReference; fileEncoding = 4; lastKnownFileType = text.json; path = TestCategoryData.json; sourceTree = "<group>"; };
		2966FDE027EB255B00AEA5C8 /* CategoryApp.app */ = {isa = PBXFileReference; explicitFileType = wrapper.application; includeInIndex = 0; path = CategoryApp.app; sourceTree = BUILT_PRODUCTS_DIR; };
		2966FDE327EB255B00AEA5C8 /* AppDelegate.swift */ = {isa = PBXFileReference; lastKnownFileType = sourcecode.swift; path = AppDelegate.swift; sourceTree = "<group>"; };
		2966FDE527EB255B00AEA5C8 /* SceneDelegate.swift */ = {isa = PBXFileReference; lastKnownFileType = sourcecode.swift; path = SceneDelegate.swift; sourceTree = "<group>"; };
		2966FDE727EB255B00AEA5C8 /* ViewController.swift */ = {isa = PBXFileReference; lastKnownFileType = sourcecode.swift; path = ViewController.swift; sourceTree = "<group>"; };
		2966FDEA27EB255B00AEA5C8 /* Base */ = {isa = PBXFileReference; lastKnownFileType = file.storyboard; name = Base; path = Base.lproj/Main.storyboard; sourceTree = "<group>"; };
		2966FDEC27EB255E00AEA5C8 /* Assets.xcassets */ = {isa = PBXFileReference; lastKnownFileType = folder.assetcatalog; path = Assets.xcassets; sourceTree = "<group>"; };
		2966FDEF27EB255E00AEA5C8 /* Base */ = {isa = PBXFileReference; lastKnownFileType = file.storyboard; name = Base; path = Base.lproj/LaunchScreen.storyboard; sourceTree = "<group>"; };
		2966FDF127EB255E00AEA5C8 /* Info.plist */ = {isa = PBXFileReference; lastKnownFileType = text.plist.xml; path = Info.plist; sourceTree = "<group>"; };
		2966FDF727EB25F000AEA5C8 /* CategoryVC.swift */ = {isa = PBXFileReference; lastKnownFileType = sourcecode.swift; path = CategoryVC.swift; sourceTree = "<group>"; };
		2966FDF927EB2C7C00AEA5C8 /* Category.swift */ = {isa = PBXFileReference; lastKnownFileType = sourcecode.swift; path = Category.swift; sourceTree = "<group>"; };
		2A2109BD5AF4002EA6A3A6BB /* Pods-CategoryApp.release.xcconfig */ = {isa = PBXFileReference; includeInIndex = 1; lastKnownFileType = text.xcconfig; name = "Pods-CategoryApp.release.xcconfig"; path = "Target Support Files/Pods-CategoryApp/Pods-CategoryApp.release.xcconfig"; sourceTree = "<group>"; };
		7DC2025403CCC95E99CC5D3F /* Pods-CategoryApp.debug.xcconfig */ = {isa = PBXFileReference; includeInIndex = 1; lastKnownFileType = text.xcconfig; name = "Pods-CategoryApp.debug.xcconfig"; path = "Target Support Files/Pods-CategoryApp/Pods-CategoryApp.debug.xcconfig"; sourceTree = "<group>"; };
		A5649187D7EBE90EA57E8861 /* Pods_CategoryApp.framework */ = {isa = PBXFileReference; explicitFileType = wrapper.framework; includeInIndex = 0; path = Pods_CategoryApp.framework; sourceTree = BUILT_PRODUCTS_DIR; };
/* End PBXFileReference section */

/* Begin PBXFrameworksBuildPhase section */
		2966FDDD27EB255B00AEA5C8 /* Frameworks */ = {
			isa = PBXFrameworksBuildPhase;
			buildActionMask = 2147483647;
			files = (
				30992C61BE8305BA2435305C /* Pods_CategoryApp.framework in Frameworks */,
			);
			runOnlyForDeploymentPostprocessing = 0;
		};
/* End PBXFrameworksBuildPhase section */

/* Begin PBXGroup section */
		2966FDD727EB255B00AEA5C8 = {
			isa = PBXGroup;
			children = (
				2966FDE227EB255B00AEA5C8 /* CategoryApp */,
				2966FDE127EB255B00AEA5C8 /* Products */,
				3100D766636BE0B60BCB805C /* Pods */,
				44A76ABBD823A1ECECC21C92 /* Frameworks */,
			);
			sourceTree = "<group>";
		};
		2966FDE127EB255B00AEA5C8 /* Products */ = {
			isa = PBXGroup;
			children = (
				2966FDE027EB255B00AEA5C8 /* CategoryApp.app */,
			);
			name = Products;
			sourceTree = "<group>";
		};
		2966FDE227EB255B00AEA5C8 /* CategoryApp */ = {
			isa = PBXGroup;
			children = (
				2966FDE327EB255B00AEA5C8 /* AppDelegate.swift */,
				2966FDE527EB255B00AEA5C8 /* SceneDelegate.swift */,
				2966FDE727EB255B00AEA5C8 /* ViewController.swift */,
				2966FDE927EB255B00AEA5C8 /* Main.storyboard */,
				2930A45A27EB71D3005C5661 /* ExpandableTableViewCell.swift */,
				294CF21027ED5DB500062EBC /* ChildCategoryTableCell.swift */,
				294CF21227ED608300062EBC /* ChildCategoryTableViewCell.swift */,
				2966FDF727EB25F000AEA5C8 /* CategoryVC.swift */,
				294CF21427ED8D0A00062EBC /* CustomTableView.swift */,
				2930A46227EB8209005C5661 /* AddCategoryVC.swift */,
				294CF20E27ECB66500062EBC /* ImagePicker.swift */,
				2930A45C27EB78ED005C5661 /* CategoryDetailVC.swift */,
				2930A46027EB7D5D005C5661 /* RoundedButton.swift */,
				294CF21627EDBBA300062EBC /* TestCategoryData.json */,
				2930A45E27EB7A66005C5661 /* AppConstants.swift */,
				2966FDF927EB2C7C00AEA5C8 /* Category.swift */,
				2966FDEC27EB255E00AEA5C8 /* Assets.xcassets */,
				2966FDEE27EB255E00AEA5C8 /* LaunchScreen.storyboard */,
				2966FDF127EB255E00AEA5C8 /* Info.plist */,
			);
			path = CategoryApp;
			sourceTree = "<group>";
		};
		3100D766636BE0B60BCB805C /* Pods */ = {
			isa = PBXGroup;
			children = (
				7DC2025403CCC95E99CC5D3F /* Pods-CategoryApp.debug.xcconfig */,
				2A2109BD5AF4002EA6A3A6BB /* Pods-CategoryApp.release.xcconfig */,
			);
			path = Pods;
			sourceTree = "<group>";
		};
		44A76ABBD823A1ECECC21C92 /* Frameworks */ = {
			isa = PBXGroup;
			children = (
				A5649187D7EBE90EA57E8861 /* Pods_CategoryApp.framework */,
			);
			name = Frameworks;
			sourceTree = "<group>";
		};
/* End PBXGroup section */

/* Begin PBXNativeTarget section */
		2966FDDF27EB255B00AEA5C8 /* CategoryApp */ = {
			isa = PBXNativeTarget;
			buildConfigurationList = 2966FDF427EB255E00AEA5C8 /* Build configuration list for PBXNativeTarget "CategoryApp" */;
			buildPhases = (
				82CAC5C0C9408E6EDCC55F91 /* [CP] Check Pods Manifest.lock */,
				2966FDDC27EB255B00AEA5C8 /* Sources */,
				2966FDDD27EB255B00AEA5C8 /* Frameworks */,
				2966FDDE27EB255B00AEA5C8 /* Resources */,
			);
			buildRules = (
			);
			dependencies = (
			);
			name = CategoryApp;
			productName = CategoryApp;
			productReference = 2966FDE027EB255B00AEA5C8 /* CategoryApp.app */;
			productType = "com.apple.product-type.application";
		};
/* End PBXNativeTarget section */

/* Begin PBXProject section */
		2966FDD827EB255B00AEA5C8 /* Project object */ = {
			isa = PBXProject;
			attributes = {
				BuildIndependentTargetsInParallel = 1;
				LastSwiftUpdateCheck = 1330;
				LastUpgradeCheck = 1330;
				TargetAttributes = {
					2966FDDF27EB255B00AEA5C8 = {
						CreatedOnToolsVersion = 13.3;
					};
				};
			};
			buildConfigurationList = 2966FDDB27EB255B00AEA5C8 /* Build configuration list for PBXProject "CategoryApp" */;
			compatibilityVersion = "Xcode 13.0";
			developmentRegion = en;
			hasScannedForEncodings = 0;
			knownRegions = (
				en,
				Base,
			);
			mainGroup = 2966FDD727EB255B00AEA5C8;
			productRefGroup = 2966FDE127EB255B00AEA5C8 /* Products */;
			projectDirPath = "";
			projectRoot = "";
			targets = (
				2966FDDF27EB255B00AEA5C8 /* CategoryApp */,
			);
		};
/* End PBXProject section */

/* Begin PBXResourcesBuildPhase section */
		2966FDDE27EB255B00AEA5C8 /* Resources */ = {
			isa = PBXResourcesBuildPhase;
			buildActionMask = 2147483647;
			files = (
				2966FDF027EB255E00AEA5C8 /* LaunchScreen.storyboard in Resources */,
				294CF21727EDBBA300062EBC /* TestCategoryData.json in Resources */,
				2966FDED27EB255E00AEA5C8 /* Assets.xcassets in Resources */,
				2966FDEB27EB255B00AEA5C8 /* Main.storyboard in Resources */,
			);
			runOnlyForDeploymentPostprocessing = 0;
		};
/* End PBXResourcesBuildPhase section */

/* Begin PBXShellScriptBuildPhase section */
		82CAC5C0C9408E6EDCC55F91 /* [CP] Check Pods Manifest.lock */ = {
			isa = PBXShellScriptBuildPhase;
			buildActionMask = 2147483647;
			files = (
			);
			inputFileListPaths = (
			);
			inputPaths = (
				"${PODS_PODFILE_DIR_PATH}/Podfile.lock",
				"${PODS_ROOT}/Manifest.lock",
			);
			name = "[CP] Check Pods Manifest.lock";
			outputFileListPaths = (
			);
			outputPaths = (
				"$(DERIVED_FILE_DIR)/Pods-CategoryApp-checkManifestLockResult.txt",
			);
			runOnlyForDeploymentPostprocessing = 0;
			shellPath = /bin/sh;
			shellScript = "diff \"${PODS_PODFILE_DIR_PATH}/Podfile.lock\" \"${PODS_ROOT}/Manifest.lock\" > /dev/null\nif [ $? != 0 ] ; then\n    # print error to STDERR\n    echo \"error: The sandbox is not in sync with the Podfile.lock. Run 'pod install' or update your CocoaPods installation.\" >&2\n    exit 1\nfi\n# This output is used by Xcode 'outputs' to avoid re-running this script phase.\necho \"SUCCESS\" > \"${SCRIPT_OUTPUT_FILE_0}\"\n";
			showEnvVarsInLog = 0;
		};
/* End PBXShellScriptBuildPhase section */

/* Begin PBXSourcesBuildPhase section */
		2966FDDC27EB255B00AEA5C8 /* Sources */ = {
			isa = PBXSourcesBuildPhase;
			buildActionMask = 2147483647;
			files = (
				294CF20F27ECB66500062EBC /* ImagePicker.swift in Sources */,
				2966FDE827EB255B00AEA5C8 /* ViewController.swift in Sources */,
				2966FDFA27EB2C7C00AEA5C8 /* Category.swift in Sources */,
				294CF21127ED5DB500062EBC /* ChildCategoryTableCell.swift in Sources */,
				2966FDE427EB255B00AEA5C8 /* AppDelegate.swift in Sources */,
				294CF21327ED608300062EBC /* ChildCategoryTableViewCell.swift in Sources */,
				2966FDF827EB25F000AEA5C8 /* CategoryVC.swift in Sources */,
				2930A45D27EB78ED005C5661 /* CategoryDetailVC.swift in Sources */,
				2930A46327EB8209005C5661 /* AddCategoryVC.swift in Sources */,
				2930A46127EB7D5D005C5661 /* RoundedButton.swift in Sources */,
				2966FDE627EB255B00AEA5C8 /* SceneDelegate.swift in Sources */,
				2930A45B27EB71D3005C5661 /* ExpandableTableViewCell.swift in Sources */,
				2930A45F27EB7A66005C5661 /* AppConstants.swift in Sources */,
				294CF21527ED8D0A00062EBC /* CustomTableView.swift in Sources */,
			);
			runOnlyForDeploymentPostprocessing = 0;
		};
/* End PBXSourcesBuildPhase section */

/* Begin PBXVariantGroup section */
		2966FDE927EB255B00AEA5C8 /* Main.storyboard */ = {
			isa = PBXVariantGroup;
			children = (
				2966FDEA27EB255B00AEA5C8 /* Base */,
			);
			name = Main.storyboard;
			sourceTree = "<group>";
		};
		2966FDEE27EB255E00AEA5C8 /* LaunchScreen.storyboard */ = {
			isa = PBXVariantGroup;
			children = (
				2966FDEF27EB255E00AEA5C8 /* Base */,
			);
			name = LaunchScreen.storyboard;
			sourceTree = "<group>";
		};
/* End PBXVariantGroup section */

/* Begin XCBuildConfiguration section */
		2966FDF227EB255E00AEA5C8 /* Debug */ = {
			isa = XCBuildConfiguration;
			buildSettings = {
				ALWAYS_SEARCH_USER_PATHS = NO;
				CLANG_ANALYZER_NONNULL = YES;
				CLANG_ANALYZER_NUMBER_OBJECT_CONVERSION = YES_AGGRESSIVE;
				CLANG_CXX_LANGUAGE_STANDARD = "gnu++17";
				CLANG_ENABLE_MODULES = YES;
				CLANG_ENABLE_OBJC_ARC = YES;
				CLANG_ENABLE_OBJC_WEAK = YES;
				CLANG_WARN_BLOCK_CAPTURE_AUTORELEASING = YES;
				CLANG_WARN_BOOL_CONVERSION = YES;
				CLANG_WARN_COMMA = YES;
				CLANG_WARN_CONSTANT_CONVERSION = YES;
				CLANG_WARN_DEPRECATED_OBJC_IMPLEMENTATIONS = YES;
				CLANG_WARN_DIRECT_OBJC_ISA_USAGE = YES_ERROR;
				CLANG_WARN_DOCUMENTATION_COMMENTS = YES;
				CLANG_WARN_EMPTY_BODY = YES;
				CLANG_WARN_ENUM_CONVERSION = YES;
				CLANG_WARN_INFINITE_RECURSION = YES;
				CLANG_WARN_INT_CONVERSION = YES;
				CLANG_WARN_NON_LITERAL_NULL_CONVERSION = YES;
				CLANG_WARN_OBJC_IMPLICIT_RETAIN_SELF = YES;
				CLANG_WARN_OBJC_LITERAL_CONVERSION = YES;
				CLANG_WARN_OBJC_ROOT_CLASS = YES_ERROR;
				CLANG_WARN_QUOTED_INCLUDE_IN_FRAMEWORK_HEADER = YES;
				CLANG_WARN_RANGE_LOOP_ANALYSIS = YES;
				CLANG_WARN_STRICT_PROTOTYPES = YES;
				CLANG_WARN_SUSPICIOUS_MOVE = YES;
				CLANG_WARN_UNGUARDED_AVAILABILITY = YES_AGGRESSIVE;
				CLANG_WARN_UNREACHABLE_CODE = YES;
				CLANG_WARN__DUPLICATE_METHOD_MATCH = YES;
				COPY_PHASE_STRIP = NO;
				DEBUG_INFORMATION_FORMAT = dwarf;
				ENABLE_STRICT_OBJC_MSGSEND = YES;
				ENABLE_TESTABILITY = YES;
				GCC_C_LANGUAGE_STANDARD = gnu11;
				GCC_DYNAMIC_NO_PIC = NO;
				GCC_NO_COMMON_BLOCKS = YES;
				GCC_OPTIMIZATION_LEVEL = 0;
				GCC_PREPROCESSOR_DEFINITIONS = (
					"DEBUG=1",
					"$(inherited)",
				);
				GCC_WARN_64_TO_32_BIT_CONVERSION = YES;
				GCC_WARN_ABOUT_RETURN_TYPE = YES_ERROR;
				GCC_WARN_UNDECLARED_SELECTOR = YES;
				GCC_WARN_UNINITIALIZED_AUTOS = YES_AGGRESSIVE;
				GCC_WARN_UNUSED_FUNCTION = YES;
				GCC_WARN_UNUSED_VARIABLE = YES;
				IPHONEOS_DEPLOYMENT_TARGET = 13.0;
				MTL_ENABLE_DEBUG_INFO = INCLUDE_SOURCE;
				MTL_FAST_MATH = YES;
				ONLY_ACTIVE_ARCH = YES;
				SDKROOT = iphoneos;
				SWIFT_ACTIVE_COMPILATION_CONDITIONS = DEBUG;
				SWIFT_OPTIMIZATION_LEVEL = "-Onone";
			};
			name = Debug;
		};
		2966FDF327EB255E00AEA5C8 /* Release */ = {
			isa = XCBuildConfiguration;
			buildSettings = {
				ALWAYS_SEARCH_USER_PATHS = NO;
				CLANG_ANALYZER_NONNULL = YES;
				CLANG_ANALYZER_NUMBER_OBJECT_CONVERSION = YES_AGGRESSIVE;
				CLANG_CXX_LANGUAGE_STANDARD = "gnu++17";
				CLANG_ENABLE_MODULES = YES;
				CLANG_ENABLE_OBJC_ARC = YES;
				CLANG_ENABLE_OBJC_WEAK = YES;
				CLANG_WARN_BLOCK_CAPTURE_AUTORELEASING = YES;
				CLANG_WARN_BOOL_CONVERSION = YES;
				CLANG_WARN_COMMA = YES;
				CLANG_WARN_CONSTANT_CONVERSION = YES;
				CLANG_WARN_DEPRECATED_OBJC_IMPLEMENTATIONS = YES;
				CLANG_WARN_DIRECT_OBJC_ISA_USAGE = YES_ERROR;
				CLANG_WARN_DOCUMENTATION_COMMENTS = YES;
				CLANG_WARN_EMPTY_BODY = YES;
				CLANG_WARN_ENUM_CONVERSION = YES;
				CLANG_WARN_INFINITE_RECURSION = YES;
				CLANG_WARN_INT_CONVERSION = YES;
				CLANG_WARN_NON_LITERAL_NULL_CONVERSION = YES;
				CLANG_WARN_OBJC_IMPLICIT_RETAIN_SELF = YES;
				CLANG_WARN_OBJC_LITERAL_CONVERSION = YES;
				CLANG_WARN_OBJC_ROOT_CLASS = YES_ERROR;
				CLANG_WARN_QUOTED_INCLUDE_IN_FRAMEWORK_HEADER = YES;
				CLANG_WARN_RANGE_LOOP_ANALYSIS = YES;
				CLANG_WARN_STRICT_PROTOTYPES = YES;
				CLANG_WARN_SUSPICIOUS_MOVE = YES;
				CLANG_WARN_UNGUARDED_AVAILABILITY = YES_AGGRESSIVE;
				CLANG_WARN_UNREACHABLE_CODE = YES;
				CLANG_WARN__DUPLICATE_METHOD_MATCH = YES;
				COPY_PHASE_STRIP = NO;
				DEBUG_INFORMATION_FORMAT = "dwarf-with-dsym";
				ENABLE_NS_ASSERTIONS = NO;
				ENABLE_STRICT_OBJC_MSGSEND = YES;
				GCC_C_LANGUAGE_STANDARD = gnu11;
				GCC_NO_COMMON_BLOCKS = YES;
				GCC_WARN_64_TO_32_BIT_CONVERSION = YES;
				GCC_WARN_ABOUT_RETURN_TYPE = YES_ERROR;
				GCC_WARN_UNDECLARED_SELECTOR = YES;
				GCC_WARN_UNINITIALIZED_AUTOS = YES_AGGRESSIVE;
				GCC_WARN_UNUSED_FUNCTION = YES;
				GCC_WARN_UNUSED_VARIABLE = YES;
				IPHONEOS_DEPLOYMENT_TARGET = 13.0;
				MTL_ENABLE_DEBUG_INFO = NO;
				MTL_FAST_MATH = YES;
				SDKROOT = iphoneos;
				SWIFT_COMPILATION_MODE = wholemodule;
				SWIFT_OPTIMIZATION_LEVEL = "-O";
				VALIDATE_PRODUCT = YES;
			};
			name = Release;
		};
		2966FDF527EB255E00AEA5C8 /* Debug */ = {
			isa = XCBuildConfiguration;
			baseConfigurationReference = 7DC2025403CCC95E99CC5D3F /* Pods-CategoryApp.debug.xcconfig */;
			buildSettings = {
				ASSETCATALOG_COMPILER_APPICON_NAME = AppIcon;
				ASSETCATALOG_COMPILER_GLOBAL_ACCENT_COLOR_NAME = AccentColor;
				CODE_SIGN_STYLE = Automatic;
				CURRENT_PROJECT_VERSION = 1;
				DEVELOPMENT_TEAM = 8M876PTE6Q;
				GENERATE_INFOPLIST_FILE = YES;
				INFOPLIST_FILE = CategoryApp/Info.plist;
				INFOPLIST_KEY_CFBundleDisplayName = "Test App";
				INFOPLIST_KEY_UIApplicationSupportsIndirectInputEvents = YES;
				INFOPLIST_KEY_UILaunchStoryboardName = LaunchScreen;
				INFOPLIST_KEY_UIMainStoryboardFile = Main;
				INFOPLIST_KEY_UISupportedInterfaceOrientations_iPad = "UIInterfaceOrientationPortrait UIInterfaceOrientationPortraitUpsideDown UIInterfaceOrientationLandscapeLeft UIInterfaceOrientationLandscapeRight";
				INFOPLIST_KEY_UISupportedInterfaceOrientations_iPhone = "UIInterfaceOrientationPortrait UIInterfaceOrientationLandscapeLeft UIInterfaceOrientationLandscapeRight";
				INFOPLIST_KEY_UIUserInterfaceStyle = Light;
				LD_RUNPATH_SEARCH_PATHS = (
					"$(inherited)",
					"@executable_path/Frameworks",
				);
				MARKETING_VERSION = 1.0;
				PRODUCT_BUNDLE_IDENTIFIER = com.tilt.TestApp;
				PRODUCT_NAME = "$(TARGET_NAME)";
				SWIFT_EMIT_LOC_STRINGS = YES;
				SWIFT_VERSION = 5.0;
				TARGETED_DEVICE_FAMILY = "1,2";
			};
			name = Debug;
		};
		2966FDF627EB255E00AEA5C8 /* Release */ = {
			isa = XCBuildConfiguration;
			baseConfigurationReference = 2A2109BD5AF4002EA6A3A6BB /* Pods-CategoryApp.release.xcconfig */;
			buildSettings = {
				ASSETCATALOG_COMPILER_APPICON_NAME = AppIcon;
				ASSETCATALOG_COMPILER_GLOBAL_ACCENT_COLOR_NAME = AccentColor;
				CODE_SIGN_STYLE = Automatic;
				CURRENT_PROJECT_VERSION = 1;
				DEVELOPMENT_TEAM = 8M876PTE6Q;
				GENERATE_INFOPLIST_FILE = YES;
				INFOPLIST_FILE = CategoryApp/Info.plist;
				INFOPLIST_KEY_CFBundleDisplayName = "Test App";
				INFOPLIST_KEY_UIApplicationSupportsIndirectInputEvents = YES;
				INFOPLIST_KEY_UILaunchStoryboardName = LaunchScreen;
				INFOPLIST_KEY_UIMainStoryboardFile = Main;
				INFOPLIST_KEY_UISupportedInterfaceOrientations_iPad = "UIInterfaceOrientationPortrait UIInterfaceOrientationPortraitUpsideDown UIInterfaceOrientationLandscapeLeft UIInterfaceOrientationLandscapeRight";
				INFOPLIST_KEY_UISupportedInterfaceOrientations_iPhone = "UIInterfaceOrientationPortrait UIInterfaceOrientationLandscapeLeft UIInterfaceOrientationLandscapeRight";
				INFOPLIST_KEY_UIUserInterfaceStyle = Light;
				LD_RUNPATH_SEARCH_PATHS = (
					"$(inherited)",
					"@executable_path/Frameworks",
				);
				MARKETING_VERSION = 1.0;
				PRODUCT_BUNDLE_IDENTIFIER = com.tilt.TestApp;
				PRODUCT_NAME = "$(TARGET_NAME)";
				SWIFT_EMIT_LOC_STRINGS = YES;
				SWIFT_VERSION = 5.0;
				TARGETED_DEVICE_FAMILY = "1,2";
			};
			name = Release;
		};
/* End XCBuildConfiguration section */

/* Begin XCConfigurationList section */
		2966FDDB27EB255B00AEA5C8 /* Build configuration list for PBXProject "CategoryApp" */ = {
			isa = XCConfigurationList;
			buildConfigurations = (
				2966FDF227EB255E00AEA5C8 /* Debug */,
				2966FDF327EB255E00AEA5C8 /* Release */,
			);
			defaultConfigurationIsVisible = 0;
			defaultConfigurationName = Release;
		};
		2966FDF427EB255E00AEA5C8 /* Build configuration list for PBXNativeTarget "CategoryApp" */ = {
			isa = XCConfigurationList;
			buildConfigurations = (
				2966FDF527EB255E00AEA5C8 /* Debug */,
				2966FDF627EB255E00AEA5C8 /* Release */,
			);
			defaultConfigurationIsVisible = 0;
			defaultConfigurationName = Release;
		};
/* End XCConfigurationList section */
	};
	rootObject = 2966FDD827EB255B00AEA5C8 /* Project object */;
}
